
Microsoft Visual Studio Solution File, Format Version 12.00
# Visual Studio Version 16
VisualStudioVersion = 16.0.30225.117
MinimumVisualStudioVersion = 10.0.40219.1
Project("{FAE04EC0-301F-11D3-BF4B-00C04F79EFBC}") = "Haccp_MES", "Haccp_MES\Haccp_MES.csproj", "{C4560F3B-82E9-4608-8EE7-829337B1D33E}"
EndProject
Project("{2150E333-8FDC-42A3-9474-1A3956D46DE8}") = "Solution Items", "Solution Items", "{AAB47CED-2598-4728-99BD-C6C7EFCD4B28}"
	ProjectSection(SolutionItems) = preProject
		Haccp_MES\DatabaseInfo.cs = Haccp_MES\DatabaseInfo.cs
	EndProjectSection
EndProject
Global
	GlobalSection(SolutionConfigurationPlatforms) = preSolution
		Debug|Any CPU = Debug|Any CPU
		Release|Any CPU = Release|Any CPU
	EndGlobalSection
	GlobalSection(ProjectConfigurationPlatforms) = postSolution
		{C4560F3B-82E9-4608-8EE7-829337B1D33E}.Debug|Any CPU.ActiveCfg = Debug|Any CPU
		{C4560F3B-82E9-4608-8EE7-829337B1D33E}.Debug|Any CPU.Build.0 = Debug|Any CPU
		{C4560F3B-82E9-4608-8EE7-829337B1D33E}.Release|Any CPU.ActiveCfg = Release|Any CPU
		{C4560F3B-82E9-4608-8EE7-829337B1D33E}.Release|Any CPU.Build.0 = Release|Any CPU
	EndGlobalSection
	GlobalSection(SolutionProperties) = preSolution
		HideSolutionNode = FALSE
	EndGlobalSection
	GlobalSection(ExtensibilityGlobals) = postSolution
		SolutionGuid = {6FCA3C74-394A-435E-8F2A-D083E3B192AE}
	EndGlobalSection
EndGlobal
